PODS:
  - Sugar (1.0.1)
  - Tailor (0.2.0):
    - Sugar

DEPENDENCIES:
  - Sugar
  - Tailor (from `.`)

EXTERNAL SOURCES:
  Tailor:
    :path: "."

SPEC CHECKSUMS:
  Sugar: 4fc1bb2da50a460b8cbcd5efe099a82219469766
  Tailor: 9c5507d4fca1ee34214e90873001e843f224d2a8

PODFILE CHECKSUM: 90dbb0a64275ee68d5c758207b460a817ca5dfaf

COCOAPODS: 1.0.0.beta.2
