// !$*UTF8*$!
{
	archiveVersion = 1;
	classes = {
	};
	objectVersion = 46;
	objects = {

/* Begin PBXBuildFile section */
		2635AB26A7B1C04CEADFD5FA /* Pods_Tailor_iOS_Tests.framework in Frameworks */ = {isa = PBXBuildFile; fileRef = 79D569674E25F77CDF9DC8CE /* Pods_Tailor_iOS_Tests.framework */; };
		2E513082EFD0CCB46C31C28B /* Pods_Tailor_Mac.framework in Frameworks */ = {isa = PBXBuildFile; fileRef = 571BCAF2780510B46D5D9A1F /* Pods_Tailor_Mac.framework */; };
		3C4B61654C4071BAEDCFBC8C /* Pods_Tailor_Mac_Tests.framework in Frameworks */ = {isa = PBXBuildFile; fileRef = D0878E99A5047CA93758DFB9 /* Pods_Tailor_Mac_Tests.framework */; };
		BD8409BB1C3EF22300EB7C06 /* TestInspectable.swift in Sources */ = {isa = PBXBuildFile; fileRef = BD8409B51C3EF20D00EB7C06 /* TestInspectable.swift */; };
		BD8409BC1C3EF22300EB7C06 /* TestMappable.swift in Sources */ = {isa = PBXBuildFile; fileRef = BD8409B61C3EF20D00EB7C06 /* TestMappable.swift */; };
		BD8409BD1C3EF22300EB7C06 /* TestSubjects.swift in Sources */ = {isa = PBXBuildFile; fileRef = BD8409B71C3EF20D00EB7C06 /* TestSubjects.swift */; };
		BDFF1ACD1C3F0BF200D4B735 /* TestSubjects.swift in Sources */ = {isa = PBXBuildFile; fileRef = BD8409B71C3EF20D00EB7C06 /* TestSubjects.swift */; };
		BDFF1ACE1C3F0BFE00D4B735 /* TestInspectable.swift in Sources */ = {isa = PBXBuildFile; fileRef = BD8409B51C3EF20D00EB7C06 /* TestInspectable.swift */; };
		BDFF1ACF1C3F0BFE00D4B735 /* TestMappable.swift in Sources */ = {isa = PBXBuildFile; fileRef = BD8409B61C3EF20D00EB7C06 /* TestMappable.swift */; };
		BDFF1AE81C3F115E00D4B735 /* Tailor.swift in Sources */ = {isa = PBXBuildFile; fileRef = BDFF1AE71C3F115E00D4B735 /* Tailor.swift */; };
		BDFF1AE91C3F115E00D4B735 /* Tailor.swift in Sources */ = {isa = PBXBuildFile; fileRef = BDFF1AE71C3F115E00D4B735 /* Tailor.swift */; };
		F6A6314B06861884A8FDBD29 /* Pods_Tailor_iOS.framework in Frameworks */ = {isa = PBXBuildFile; fileRef = 552BC9911B600FDDBAD5A7FE /* Pods_Tailor_iOS.framework */; };
/* End PBXBuildFile section */

/* Begin PBXContainerItemProxy section */
		BDFF1AC91C3F0B5400D4B735 /* PBXContainerItemProxy */ = {
			isa = PBXContainerItemProxy;
			containerPortal = 146D728B1AB782920058798C /* Project object */;
			proxyType = 1;
			remoteGlobalIDString = BD8409691C3EF06300EB7C06;
			remoteInfo = "Tailor-iOS";
		};
		BDFF1ACB1C3F0B5700D4B735 /* PBXContainerItemProxy */ = {
			isa = PBXContainerItemProxy;
			containerPortal = 146D728B1AB782920058798C /* Project object */;
			proxyType = 1;
			remoteGlobalIDString = BDFF1ABA1C3F053E00D4B735;
			remoteInfo = "Tailor-Mac";
		};
/* End PBXContainerItemProxy section */

/* Begin PBXFileReference section */
		0342EB8A98BFDC0929B43E67 /* Pods-Tailor-iOS-Tests.release.xcconfig */ = {isa = PBXFileReference; includeInIndex = 1; lastKnownFileType = text.xcconfig; name = "Pods-Tailor-iOS-Tests.release.xcconfig"; path = "Pods/Target Support Files/Pods-Tailor-iOS-Tests/Pods-Tailor-iOS-Tests.release.xcconfig"; sourceTree = "<group>"; };
		060B991253F244DC9527EE76 /* Pods-Tailor-iOS.debug.xcconfig */ = {isa = PBXFileReference; includeInIndex = 1; lastKnownFileType = text.xcconfig; name = "Pods-Tailor-iOS.debug.xcconfig"; path = "Pods/Target Support Files/Pods-Tailor-iOS/Pods-Tailor-iOS.debug.xcconfig"; sourceTree = "<group>"; };
		09F4EA38E5FFC41B40B023E5 /* Pods-Tailor-iOS-Tests.debug.xcconfig */ = {isa = PBXFileReference; includeInIndex = 1; lastKnownFileType = text.xcconfig; name = "Pods-Tailor-iOS-Tests.debug.xcconfig"; path = "Pods/Target Support Files/Pods-Tailor-iOS-Tests/Pods-Tailor-iOS-Tests.debug.xcconfig"; sourceTree = "<group>"; };
		146D72AC1AB782920058798C /* Tailor-iOS-Tests.xctest */ = {isa = PBXFileReference; explicitFileType = wrapper.cfbundle; includeInIndex = 0; path = "Tailor-iOS-Tests.xctest"; sourceTree = BUILT_PRODUCTS_DIR; };
		3F9C445A1ED3DD79A517DBE8 /* Pods-Tailor-Mac.release.xcconfig */ = {isa = PBXFileReference; includeInIndex = 1; lastKnownFileType = text.xcconfig; name = "Pods-Tailor-Mac.release.xcconfig"; path = "Pods/Target Support Files/Pods-Tailor-Mac/Pods-Tailor-Mac.release.xcconfig"; sourceTree = "<group>"; };
		552BC9911B600FDDBAD5A7FE /* Pods_Tailor_iOS.framework */ = {isa = PBXFileReference; explicitFileType = wrapper.framework; includeInIndex = 0; path = Pods_Tailor_iOS.framework; sourceTree = BUILT_PRODUCTS_DIR; };
		571BCAF2780510B46D5D9A1F /* Pods_Tailor_Mac.framework */ = {isa = PBXFileReference; explicitFileType = wrapper.framework; includeInIndex = 0; path = Pods_Tailor_Mac.framework; sourceTree = BUILT_PRODUCTS_DIR; };
		5D51004FA6202312868C109F /* Pods-Tailor-Mac-Tests.release.xcconfig */ = {isa = PBXFileReference; includeInIndex = 1; lastKnownFileType = text.xcconfig; name = "Pods-Tailor-Mac-Tests.release.xcconfig"; path = "Pods/Target Support Files/Pods-Tailor-Mac-Tests/Pods-Tailor-Mac-Tests.release.xcconfig"; sourceTree = "<group>"; };
		671221DFAE280620F8DDFA11 /* Pods-Tailor-Mac-Tests.debug.xcconfig */ = {isa = PBXFileReference; includeInIndex = 1; lastKnownFileType = text.xcconfig; name = "Pods-Tailor-Mac-Tests.debug.xcconfig"; path = "Pods/Target Support Files/Pods-Tailor-Mac-Tests/Pods-Tailor-Mac-Tests.debug.xcconfig"; sourceTree = "<group>"; };
		71554C7CBF8206BD968CE4B2 /* Pods-Tailor-Mac.debug.xcconfig */ = {isa = PBXFileReference; includeInIndex = 1; lastKnownFileType = text.xcconfig; name = "Pods-Tailor-Mac.debug.xcconfig"; path = "Pods/Target Support Files/Pods-Tailor-Mac/Pods-Tailor-Mac.debug.xcconfig"; sourceTree = "<group>"; };
		79D569674E25F77CDF9DC8CE /* Pods_Tailor_iOS_Tests.framework */ = {isa = PBXFileReference; explicitFileType = wrapper.framework; includeInIndex = 0; path = Pods_Tailor_iOS_Tests.framework; sourceTree = BUILT_PRODUCTS_DIR; };
		BD84096A1C3EF06300EB7C06 /* Tailor.framework */ = {isa = PBXFileReference; explicitFileType = wrapper.framework; includeInIndex = 0; path = Tailor.framework; sourceTree = BUILT_PRODUCTS_DIR; };
		BD8409861C3EF0EC00EB7C06 /* Info.plist */ = {isa = PBXFileReference; lastKnownFileType = text.plist.xml; path = Info.plist; sourceTree = "<group>"; };
		BD8409881C3EF0EC00EB7C06 /* Info.plist */ = {isa = PBXFileReference; lastKnownFileType = text.plist.xml; path = Info.plist; sourceTree = "<group>"; };
		BD8409A41C3EF1B800EB7C06 /* Tailor-Mac-Tests.xctest */ = {isa = PBXFileReference; explicitFileType = wrapper.cfbundle; includeInIndex = 0; path = "Tailor-Mac-Tests.xctest"; sourceTree = BUILT_PRODUCTS_DIR; };
		BD8409B11C3EF20D00EB7C06 /* Info.plist */ = {isa = PBXFileReference; lastKnownFileType = text.plist.xml; path = Info.plist; sourceTree = "<group>"; };
		BD8409B31C3EF20D00EB7C06 /* Info.plist */ = {isa = PBXFileReference; lastKnownFileType = text.plist.xml; path = Info.plist; sourceTree = "<group>"; };
		BD8409B51C3EF20D00EB7C06 /* TestInspectable.swift */ = {isa = PBXFileReference; lastKnownFileType = sourcecode.swift; path = TestInspectable.swift; sourceTree = "<group>"; };
		BD8409B61C3EF20D00EB7C06 /* TestMappable.swift */ = {isa = PBXFileReference; lastKnownFileType = sourcecode.swift; path = TestMappable.swift; sourceTree = "<group>"; };
		BD8409B71C3EF20D00EB7C06 /* TestSubjects.swift */ = {isa = PBXFileReference; lastKnownFileType = sourcecode.swift; path = TestSubjects.swift; sourceTree = "<group>"; };
		BDEC62271C3F1DF50036495A /* Sugar.framework */ = {isa = PBXFileReference; lastKnownFileType = wrapper.framework; name = Sugar.framework; path = "Pods/../build/Debug/Pods-Tailor-Mac/Sugar.framework"; sourceTree = "<group>"; };
		BDFF1ABB1C3F053E00D4B735 /* Tailor.framework */ = {isa = PBXFileReference; explicitFileType = wrapper.framework; includeInIndex = 0; path = Tailor.framework; sourceTree = BUILT_PRODUCTS_DIR; };
		BDFF1AD31C3F0E5900D4B735 /* Sugar.framework */ = {isa = PBXFileReference; lastKnownFileType = wrapper.framework; name = Sugar.framework; path = "Pods/../build/Debug/Pods-Tailor-Mac/Sugar.framework"; sourceTree = "<group>"; };
		BDFF1AD51C3F0E7A00D4B735 /* Sugar.framework */ = {isa = PBXFileReference; lastKnownFileType = wrapper.framework; name = Sugar.framework; path = "Pods/../build/Debug/Pods-Tailor-Mac/Sugar.framework"; sourceTree = "<group>"; };
		BDFF1AE71C3F115E00D4B735 /* Tailor.swift */ = {isa = PBXFileReference; fileEncoding = 4; lastKnownFileType = sourcecode.swift; path = Tailor.swift; sourceTree = "<group>"; };
		C08ACA7EA54A9ACEA3BCCC25 /* Pods-Tailor-iOS.release.xcconfig */ = {isa = PBXFileReference; includeInIndex = 1; lastKnownFileType = text.xcconfig; name = "Pods-Tailor-iOS.release.xcconfig"; path = "Pods/Target Support Files/Pods-Tailor-iOS/Pods-Tailor-iOS.release.xcconfig"; sourceTree = "<group>"; };
		D0878E99A5047CA93758DFB9 /* Pods_Tailor_Mac_Tests.framework */ = {isa = PBXFileReference; explicitFileType = wrapper.framework; includeInIndex = 0; path = Pods_Tailor_Mac_Tests.framework; sourceTree = BUILT_PRODUCTS_DIR; };
/* End PBXFileReference section */

/* Begin PBXFrameworksBuildPhase section */
		146D72A91AB782920058798C /* Frameworks */ = {
			isa = PBXFrameworksBuildPhase;
			buildActionMask = 2147483647;
			files = (
				2635AB26A7B1C04CEADFD5FA /* Pods_Tailor_iOS_Tests.framework in Frameworks */,
			);
			runOnlyForDeploymentPostprocessing = 0;
		};
		BD8409661C3EF06300EB7C06 /* Frameworks */ = {
			isa = PBXFrameworksBuildPhase;
			buildActionMask = 2147483647;
			files = (
				F6A6314B06861884A8FDBD29 /* Pods_Tailor_iOS.framework in Frameworks */,
			);
			runOnlyForDeploymentPostprocessing = 0;
		};
		BD8409A11C3EF1B800EB7C06 /* Frameworks */ = {
			isa = PBXFrameworksBuildPhase;
			buildActionMask = 2147483647;
			files = (
				3C4B61654C4071BAEDCFBC8C /* Pods_Tailor_Mac_Tests.framework in Frameworks */,
			);
			runOnlyForDeploymentPostprocessing = 0;
		};
		BDFF1AB71C3F053E00D4B735 /* Frameworks */ = {
			isa = PBXFrameworksBuildPhase;
			buildActionMask = 2147483647;
			files = (
				2E513082EFD0CCB46C31C28B /* Pods_Tailor_Mac.framework in Frameworks */,
			);
			runOnlyForDeploymentPostprocessing = 0;
		};
/* End PBXFrameworksBuildPhase section */

/* Begin PBXGroup section */
		146D728A1AB782920058798C = {
			isa = PBXGroup;
			children = (
				BDFF1AE61C3F115E00D4B735 /* Source */,
				146D72941AB782920058798C /* Products */,
				BD8409841C3EF0EC00EB7C06 /* Support Files */,
				BD8409AF1C3EF20D00EB7C06 /* Tests */,
				94619D9CC4275B7778C14F5D /* Frameworks */,
				32E9266E9EA3C725CAE41758 /* Pods */,
			);
			sourceTree = "<group>";
		};
		146D72941AB782920058798C /* Products */ = {
			isa = PBXGroup;
			children = (
				146D72AC1AB782920058798C /* Tailor-iOS-Tests.xctest */,
				BD84096A1C3EF06300EB7C06 /* Tailor.framework */,
				BD8409A41C3EF1B800EB7C06 /* Tailor-Mac-Tests.xctest */,
				BDFF1ABB1C3F053E00D4B735 /* Tailor.framework */,
			);
			name = Products;
			sourceTree = "<group>";
		};
		32E9266E9EA3C725CAE41758 /* Pods */ = {
			isa = PBXGroup;
			children = (
				71554C7CBF8206BD968CE4B2 /* Pods-Tailor-Mac.debug.xcconfig */,
				3F9C445A1ED3DD79A517DBE8 /* Pods-Tailor-Mac.release.xcconfig */,
				671221DFAE280620F8DDFA11 /* Pods-Tailor-Mac-Tests.debug.xcconfig */,
				5D51004FA6202312868C109F /* Pods-Tailor-Mac-Tests.release.xcconfig */,
				060B991253F244DC9527EE76 /* Pods-Tailor-iOS.debug.xcconfig */,
				C08ACA7EA54A9ACEA3BCCC25 /* Pods-Tailor-iOS.release.xcconfig */,
				09F4EA38E5FFC41B40B023E5 /* Pods-Tailor-iOS-Tests.debug.xcconfig */,
				0342EB8A98BFDC0929B43E67 /* Pods-Tailor-iOS-Tests.release.xcconfig */,
			);
			name = Pods;
			sourceTree = "<group>";
		};
		94619D9CC4275B7778C14F5D /* Frameworks */ = {
			isa = PBXGroup;
			children = (
				BDEC62271C3F1DF50036495A /* Sugar.framework */,
				BDFF1AD51C3F0E7A00D4B735 /* Sugar.framework */,
				BDFF1AD31C3F0E5900D4B735 /* Sugar.framework */,
				571BCAF2780510B46D5D9A1F /* Pods_Tailor_Mac.framework */,
				D0878E99A5047CA93758DFB9 /* Pods_Tailor_Mac_Tests.framework */,
				552BC9911B600FDDBAD5A7FE /* Pods_Tailor_iOS.framework */,
				79D569674E25F77CDF9DC8CE /* Pods_Tailor_iOS_Tests.framework */,
			);
			name = Frameworks;
			sourceTree = "<group>";
		};
		BD8409841C3EF0EC00EB7C06 /* Support Files */ = {
			isa = PBXGroup;
			children = (
				BD8409851C3EF0EC00EB7C06 /* iOS */,
				BD8409871C3EF0EC00EB7C06 /* Mac */,
			);
			path = "Support Files";
			sourceTree = "<group>";
		};
		BD8409851C3EF0EC00EB7C06 /* iOS */ = {
			isa = PBXGroup;
			children = (
				BD8409861C3EF0EC00EB7C06 /* Info.plist */,
			);
			path = iOS;
			sourceTree = "<group>";
		};
		BD8409871C3EF0EC00EB7C06 /* Mac */ = {
			isa = PBXGroup;
			children = (
				BD8409881C3EF0EC00EB7C06 /* Info.plist */,
			);
			path = Mac;
			sourceTree = "<group>";
		};
		BD8409AF1C3EF20D00EB7C06 /* Tests */ = {
			isa = PBXGroup;
			children = (
				BD8409B01C3EF20D00EB7C06 /* iOS */,
				BD8409B21C3EF20D00EB7C06 /* Mac */,
				BD8409B41C3EF20D00EB7C06 /* Shared */,
			);
			path = Tests;
			sourceTree = "<group>";
		};
		BD8409B01C3EF20D00EB7C06 /* iOS */ = {
			isa = PBXGroup;
			children = (
				BD8409B11C3EF20D00EB7C06 /* Info.plist */,
			);
			path = iOS;
			sourceTree = "<group>";
		};
		BD8409B21C3EF20D00EB7C06 /* Mac */ = {
			isa = PBXGroup;
			children = (
				BD8409B31C3EF20D00EB7C06 /* Info.plist */,
			);
			path = Mac;
			sourceTree = "<group>";
		};
		BD8409B41C3EF20D00EB7C06 /* Shared */ = {
			isa = PBXGroup;
			children = (
				BD8409B51C3EF20D00EB7C06 /* TestInspectable.swift */,
				BD8409B61C3EF20D00EB7C06 /* TestMappable.swift */,
				BD8409B71C3EF20D00EB7C06 /* TestSubjects.swift */,
			);
			path = Shared;
			sourceTree = "<group>";
		};
		BDFF1AE61C3F115E00D4B735 /* Source */ = {
			isa = PBXGroup;
			children = (
				BDFF1AE71C3F115E00D4B735 /* Tailor.swift */,
			);
			path = Source;
			sourceTree = "<group>";
		};
/* End PBXGroup section */

/* Begin PBXHeadersBuildPhase section */
		BD8409671C3EF06300EB7C06 /* Headers */ = {
			isa = PBXHeadersBuildPhase;
			buildActionMask = 2147483647;
			files = (
			);
			runOnlyForDeploymentPostprocessing = 0;
		};
		BDFF1AB81C3F053E00D4B735 /* Headers */ = {
			isa = PBXHeadersBuildPhase;
			buildActionMask = 2147483647;
			files = (
			);
			runOnlyForDeploymentPostprocessing = 0;
		};
/* End PBXHeadersBuildPhase section */

/* Begin PBXNativeTarget section */
		146D72AB1AB782920058798C /* Tailor-iOS-Tests */ = {
			isa = PBXNativeTarget;
			buildConfigurationList = 146D72B91AB782920058798C /* Build configuration list for PBXNativeTarget "Tailor-iOS-Tests" */;
			buildPhases = (
				915EAE2AC7F7BB38278643D8 /* Check Pods Manifest.lock */,
				146D72A81AB782920058798C /* Sources */,
				146D72A91AB782920058798C /* Frameworks */,
				146D72AA1AB782920058798C /* Resources */,
				59640D004013FC6CAD1C1CE6 /* Embed Pods Frameworks */,
				1645AEA1AB4F27817E4DECB2 /* Copy Pods Resources */,
			);
			buildRules = (
			);
			dependencies = (
				BDFF1ACA1C3F0B5400D4B735 /* PBXTargetDependency */,
			);
			name = "Tailor-iOS-Tests";
			productName = PodTests;
			productReference = 146D72AC1AB782920058798C /* Tailor-iOS-Tests.xctest */;
			productType = "com.apple.product-type.bundle.unit-test";
		};
		BD8409691C3EF06300EB7C06 /* Tailor-iOS */ = {
			isa = PBXNativeTarget;
			buildConfigurationList = BD84096F1C3EF06300EB7C06 /* Build configuration list for PBXNativeTarget "Tailor-iOS" */;
			buildPhases = (
				349E6098C0B259EA9F899A59 /* Check Pods Manifest.lock */,
				BD8409651C3EF06300EB7C06 /* Sources */,
				BD8409661C3EF06300EB7C06 /* Frameworks */,
				BD8409671C3EF06300EB7C06 /* Headers */,
				BD8409681C3EF06300EB7C06 /* Resources */,
				F8712F586609762727DE97EE /* Copy Pods Resources */,
			);
			buildRules = (
			);
			dependencies = (
			);
			name = "Tailor-iOS";
			productName = "Tailor-iOS";
			productReference = BD84096A1C3EF06300EB7C06 /* Tailor.framework */;
			productType = "com.apple.product-type.framework";
		};
		BD8409A31C3EF1B800EB7C06 /* Tailor-Mac-Tests */ = {
			isa = PBXNativeTarget;
			buildConfigurationList = BD8409AC1C3EF1B800EB7C06 /* Build configuration list for PBXNativeTarget "Tailor-Mac-Tests" */;
			buildPhases = (
				0788C537BF9A63C25D5F6ED9 /* Check Pods Manifest.lock */,
				BD8409A01C3EF1B800EB7C06 /* Sources */,
				BD8409A11C3EF1B800EB7C06 /* Frameworks */,
				BD8409A21C3EF1B800EB7C06 /* Resources */,
				1F2A0CA07C9973B6C6AA05FA /* Embed Pods Frameworks */,
				4A388491A25B8356CB0F7965 /* Copy Pods Resources */,
			);
			buildRules = (
			);
			dependencies = (
				BDFF1ACC1C3F0B5700D4B735 /* PBXTargetDependency */,
			);
			name = "Tailor-Mac-Tests";
			productName = "Tailor-Mac-Tests";
			productReference = BD8409A41C3EF1B800EB7C06 /* Tailor-Mac-Tests.xctest */;
			productType = "com.apple.product-type.bundle.unit-test";
		};
		BDFF1ABA1C3F053E00D4B735 /* Tailor-Mac */ = {
			isa = PBXNativeTarget;
			buildConfigurationList = BDFF1AC01C3F053E00D4B735 /* Build configuration list for PBXNativeTarget "Tailor-Mac" */;
			buildPhases = (
				06A699C45AA8B4BE54AB6C78 /* Check Pods Manifest.lock */,
				BDFF1AB61C3F053E00D4B735 /* Sources */,
				BDFF1AB71C3F053E00D4B735 /* Frameworks */,
				BDFF1AB81C3F053E00D4B735 /* Headers */,
				BDFF1AB91C3F053E00D4B735 /* Resources */,
				632E5A6C8C8CCDE34AF8F460 /* Copy Pods Resources */,
			);
			buildRules = (
			);
			dependencies = (
			);
			name = "Tailor-Mac";
			productName = "Tailor-Mac";
			productReference = BDFF1ABB1C3F053E00D4B735 /* Tailor.framework */;
			productType = "com.apple.product-type.framework";
		};
/* End PBXNativeTarget section */

/* Begin PBXProject section */
		146D728B1AB782920058798C /* Project object */ = {
			isa = PBXProject;
			attributes = {
				LastSwiftUpdateCheck = 0720;
				LastUpgradeCheck = 0720;
				ORGANIZATIONNAME = "Christoffer Winterkvist";
				TargetAttributes = {
					146D72AB1AB782920058798C = {
						CreatedOnToolsVersion = 6.2;
					};
					BD8409691C3EF06300EB7C06 = {
						CreatedOnToolsVersion = 7.2;
					};
					BD8409A31C3EF1B800EB7C06 = {
						CreatedOnToolsVersion = 7.2;
					};
					BDFF1ABA1C3F053E00D4B735 = {
						CreatedOnToolsVersion = 7.2;
					};
				};
			};
			buildConfigurationList = 146D728E1AB782920058798C /* Build configuration list for PBXProject "Tailor" */;
			compatibilityVersion = "Xcode 3.2";
			developmentRegion = English;
			hasScannedForEncodings = 0;
			knownRegions = (
				en,
				Base,
			);
			mainGroup = 146D728A1AB782920058798C;
			productRefGroup = 146D72941AB782920058798C /* Products */;
			projectDirPath = "";
			projectRoot = "";
			targets = (
				BD8409691C3EF06300EB7C06 /* Tailor-iOS */,
				146D72AB1AB782920058798C /* Tailor-iOS-Tests */,
				BDFF1ABA1C3F053E00D4B735 /* Tailor-Mac */,
				BD8409A31C3EF1B800EB7C06 /* Tailor-Mac-Tests */,
			);
		};
/* End PBXProject section */

/* Begin PBXResourcesBuildPhase section */
		146D72AA1AB782920058798C /* Resources */ = {
			isa = PBXResourcesBuildPhase;
			buildActionMask = 2147483647;
			files = (
			);
			runOnlyForDeploymentPostprocessing = 0;
		};
		BD8409681C3EF06300EB7C06 /* Resources */ = {
			isa = PBXResourcesBuildPhase;
			buildActionMask = 2147483647;
			files = (
			);
			runOnlyForDeploymentPostprocessing = 0;
		};
		BD8409A21C3EF1B800EB7C06 /* Resources */ = {
			isa = PBXResourcesBuildPhase;
			buildActionMask = 2147483647;
			files = (
			);
			runOnlyForDeploymentPostprocessing = 0;
		};
		BDFF1AB91C3F053E00D4B735 /* Resources */ = {
			isa = PBXResourcesBuildPhase;
			buildActionMask = 2147483647;
			files = (
			);
			runOnlyForDeploymentPostprocessing = 0;
		};
/* End PBXResourcesBuildPhase section */

/* Begin PBXShellScriptBuildPhase section */
		06A699C45AA8B4BE54AB6C78 /* Check Pods Manifest.lock */ = {
			isa = PBXShellScriptBuildPhase;
			buildActionMask = 2147483647;
			files = (
			);
			inputPaths = (
			);
			name = "Check Pods Manifest.lock";
			outputPaths = (
			);
			runOnlyForDeploymentPostprocessing = 0;
			shellPath = /bin/sh;
			shellScript = "diff \"${PODS_ROOT}/../Podfile.lock\" \"${PODS_ROOT}/Manifest.lock\" > /dev/null\nif [[ $? != 0 ]] ; then\n    cat << EOM\nerror: The sandbox is not in sync with the Podfile.lock. Run 'pod install' or update your CocoaPods installation.\nEOM\n    exit 1\nfi\n";
			showEnvVarsInLog = 0;
		};
		0788C537BF9A63C25D5F6ED9 /* Check Pods Manifest.lock */ = {
			isa = PBXShellScriptBuildPhase;
			buildActionMask = 2147483647;
			files = (
			);
			inputPaths = (
			);
			name = "Check Pods Manifest.lock";
			outputPaths = (
			);
			runOnlyForDeploymentPostprocessing = 0;
			shellPath = /bin/sh;
			shellScript = "diff \"${PODS_ROOT}/../Podfile.lock\" \"${PODS_ROOT}/Manifest.lock\" > /dev/null\nif [[ $? != 0 ]] ; then\n    cat << EOM\nerror: The sandbox is not in sync with the Podfile.lock. Run 'pod install' or update your CocoaPods installation.\nEOM\n    exit 1\nfi\n";
			showEnvVarsInLog = 0;
		};
		1645AEA1AB4F27817E4DECB2 /* Copy Pods Resources */ = {
			isa = PBXShellScriptBuildPhase;
			buildActionMask = 2147483647;
			files = (
			);
			inputPaths = (
			);
			name = "Copy Pods Resources";
			outputPaths = (
			);
			runOnlyForDeploymentPostprocessing = 0;
			shellPath = /bin/sh;
			shellScript = "\"${SRCROOT}/Pods/Target Support Files/Pods-Tailor-iOS-Tests/Pods-Tailor-iOS-Tests-resources.sh\"\n";
			showEnvVarsInLog = 0;
		};
		1F2A0CA07C9973B6C6AA05FA /* Embed Pods Frameworks */ = {
			isa = PBXShellScriptBuildPhase;
			buildActionMask = 2147483647;
			files = (
			);
			inputPaths = (
			);
			name = "Embed Pods Frameworks";
			outputPaths = (
			);
			runOnlyForDeploymentPostprocessing = 0;
			shellPath = /bin/sh;
			shellScript = "\"${SRCROOT}/Pods/Target Support Files/Pods-Tailor-Mac-Tests/Pods-Tailor-Mac-Tests-frameworks.sh\"\n";
			showEnvVarsInLog = 0;
		};
		349E6098C0B259EA9F899A59 /* Check Pods Manifest.lock */ = {
			isa = PBXShellScriptBuildPhase;
			buildActionMask = 2147483647;
			files = (
			);
			inputPaths = (
			);
			name = "Check Pods Manifest.lock";
			outputPaths = (
			);
			runOnlyForDeploymentPostprocessing = 0;
			shellPath = /bin/sh;
			shellScript = "diff \"${PODS_ROOT}/../Podfile.lock\" \"${PODS_ROOT}/Manifest.lock\" > /dev/null\nif [[ $? != 0 ]] ; then\n    cat << EOM\nerror: The sandbox is not in sync with the Podfile.lock. Run 'pod install' or update your CocoaPods installation.\nEOM\n    exit 1\nfi\n";
			showEnvVarsInLog = 0;
		};
		4A388491A25B8356CB0F7965 /* Copy Pods Resources */ = {
			isa = PBXShellScriptBuildPhase;
			buildActionMask = 2147483647;
			files = (
			);
			inputPaths = (
			);
			name = "Copy Pods Resources";
			outputPaths = (
			);
			runOnlyForDeploymentPostprocessing = 0;
			shellPath = /bin/sh;
			shellScript = "\"${SRCROOT}/Pods/Target Support Files/Pods-Tailor-Mac-Tests/Pods-Tailor-Mac-Tests-resources.sh\"\n";
			showEnvVarsInLog = 0;
		};
		59640D004013FC6CAD1C1CE6 /* Embed Pods Frameworks */ = {
			isa = PBXShellScriptBuildPhase;
			buildActionMask = 2147483647;
			files = (
			);
			inputPaths = (
			);
			name = "Embed Pods Frameworks";
			outputPaths = (
			);
			runOnlyForDeploymentPostprocessing = 0;
			shellPath = /bin/sh;
			shellScript = "\"${SRCROOT}/Pods/Target Support Files/Pods-Tailor-iOS-Tests/Pods-Tailor-iOS-Tests-frameworks.sh\"\n";
			showEnvVarsInLog = 0;
		};
		632E5A6C8C8CCDE34AF8F460 /* Copy Pods Resources */ = {
			isa = PBXShellScriptBuildPhase;
			buildActionMask = 2147483647;
			files = (
			);
			inputPaths = (
			);
			name = "Copy Pods Resources";
			outputPaths = (
			);
			runOnlyForDeploymentPostprocessing = 0;
			shellPath = /bin/sh;
			shellScript = "\"${SRCROOT}/Pods/Target Support Files/Pods-Tailor-Mac/Pods-Tailor-Mac-resources.sh\"\n";
			showEnvVarsInLog = 0;
		};
		915EAE2AC7F7BB38278643D8 /* Check Pods Manifest.lock */ = {
			isa = PBXShellScriptBuildPhase;
			buildActionMask = 2147483647;
			files = (
			);
			inputPaths = (
			);
			name = "Check Pods Manifest.lock";
			outputPaths = (
			);
			runOnlyForDeploymentPostprocessing = 0;
			shellPath = /bin/sh;
			shellScript = "diff \"${PODS_ROOT}/../Podfile.lock\" \"${PODS_ROOT}/Manifest.lock\" > /dev/null\nif [[ $? != 0 ]] ; then\n    cat << EOM\nerror: The sandbox is not in sync with the Podfile.lock. Run 'pod install' or update your CocoaPods installation.\nEOM\n    exit 1\nfi\n";
			showEnvVarsInLog = 0;
		};
		F8712F586609762727DE97EE /* Copy Pods Resources */ = {
			isa = PBXShellScriptBuildPhase;
			buildActionMask = 2147483647;
			files = (
			);
			inputPaths = (
			);
			name = "Copy Pods Resources";
			outputPaths = (
			);
			runOnlyForDeploymentPostprocessing = 0;
			shellPath = /bin/sh;
			shellScript = "\"${SRCROOT}/Pods/Target Support Files/Pods-Tailor-iOS/Pods-Tailor-iOS-resources.sh\"\n";
			showEnvVarsInLog = 0;
		};
/* End PBXShellScriptBuildPhase section */

/* Begin PBXSourcesBuildPhase section */
		146D72A81AB782920058798C /* Sources */ = {
			isa = PBXSourcesBuildPhase;
			buildActionMask = 2147483647;
			files = (
				BD8409BB1C3EF22300EB7C06 /* TestInspectable.swift in Sources */,
				BD8409BC1C3EF22300EB7C06 /* TestMappable.swift in Sources */,
				BD8409BD1C3EF22300EB7C06 /* TestSubjects.swift in Sources */,
			);
			runOnlyForDeploymentPostprocessing = 0;
		};
		BD8409651C3EF06300EB7C06 /* Sources */ = {
			isa = PBXSourcesBuildPhase;
			buildActionMask = 2147483647;
			files = (
				BDFF1AE81C3F115E00D4B735 /* Tailor.swift in Sources */,
			);
			runOnlyForDeploymentPostprocessing = 0;
		};
		BD8409A01C3EF1B800EB7C06 /* Sources */ = {
			isa = PBXSourcesBuildPhase;
			buildActionMask = 2147483647;
			files = (
				BDFF1ACE1C3F0BFE00D4B735 /* TestInspectable.swift in Sources */,
				BDFF1ACF1C3F0BFE00D4B735 /* TestMappable.swift in Sources */,
				BDFF1ACD1C3F0BF200D4B735 /* TestSubjects.swift in Sources */,
			);
			runOnlyForDeploymentPostprocessing = 0;
		};
		BDFF1AB61C3F053E00D4B735 /* Sources */ = {
			isa = PBXSourcesBuildPhase;
			buildActionMask = 2147483647;
			files = (
				BDFF1AE91C3F115E00D4B735 /* Tailor.swift in Sources */,
			);
			runOnlyForDeploymentPostprocessing = 0;
		};
/* End PBXSourcesBuildPhase section */

/* Begin PBXTargetDependency section */
		BDFF1ACA1C3F0B5400D4B735 /* PBXTargetDependency */ = {
			isa = PBXTargetDependency;
			target = BD8409691C3EF06300EB7C06 /* Tailor-iOS */;
			targetProxy = BDFF1AC91C3F0B5400D4B735 /* PBXContainerItemProxy */;
		};
		BDFF1ACC1C3F0B5700D4B735 /* PBXTargetDependency */ = {
			isa = PBXTargetDependency;
			target = BDFF1ABA1C3F053E00D4B735 /* Tailor-Mac */;
			targetProxy = BDFF1ACB1C3F0B5700D4B735 /* PBXContainerItemProxy */;
		};
/* End PBXTargetDependency section */

/* Begin XCBuildConfiguration section */
		146D72B41AB782920058798C /* Debug */ = {
			isa = XCBuildConfiguration;
			buildSettings = {
				ALWAYS_SEARCH_USER_PATHS = NO;
				CLANG_CXX_LANGUAGE_STANDARD = "gnu++0x";
				CLANG_CXX_LIBRARY = "libc++";
				CLANG_ENABLE_MODULES = YES;
				CLANG_ENABLE_OBJC_ARC = YES;
				CLANG_WARN_BOOL_CONVERSION = YES;
				CLANG_WARN_CONSTANT_CONVERSION = YES;
				CLANG_WARN_DIRECT_OBJC_ISA_USAGE = YES_ERROR;
				CLANG_WARN_EMPTY_BODY = YES;
				CLANG_WARN_ENUM_CONVERSION = YES;
				CLANG_WARN_INT_CONVERSION = YES;
				CLANG_WARN_OBJC_ROOT_CLASS = YES_ERROR;
				CLANG_WARN_UNREACHABLE_CODE = YES;
				CLANG_WARN__DUPLICATE_METHOD_MATCH = YES;
				"CODE_SIGN_IDENTITY[sdk=iphoneos*]" = "iPhone Developer";
				COPY_PHASE_STRIP = NO;
				ENABLE_BITCODE = YES;
				ENABLE_STRICT_OBJC_MSGSEND = YES;
				ENABLE_TESTABILITY = YES;
				GCC_C_LANGUAGE_STANDARD = gnu99;
				GCC_DYNAMIC_NO_PIC = NO;
				GCC_OPTIMIZATION_LEVEL = 0;
				GCC_PREPROCESSOR_DEFINITIONS = (
					"DEBUG=1",
					"$(inherited)",
				);
				GCC_SYMBOLS_PRIVATE_EXTERN = NO;
				GCC_WARN_64_TO_32_BIT_CONVERSION = YES;
				GCC_WARN_ABOUT_RETURN_TYPE = YES_ERROR;
				GCC_WARN_UNDECLARED_SELECTOR = YES;
				GCC_WARN_UNINITIALIZED_AUTOS = YES_AGGRESSIVE;
				GCC_WARN_UNUSED_FUNCTION = YES;
				GCC_WARN_UNUSED_VARIABLE = YES;
				IPHONEOS_DEPLOYMENT_TARGET = 9.2;
				MACOSX_DEPLOYMENT_TARGET = 10.11;
				MTL_ENABLE_DEBUG_INFO = YES;
				ONLY_ACTIVE_ARCH = YES;
				SDKROOT = iphoneos;
				SUPPORTED_PLATFORMS = "iphonesimulator iphoneos";
				VALID_ARCHS = "arm64 armv7 armv7s i386";
			};
			name = Debug;
		};
		146D72B51AB782920058798C /* Release */ = {
			isa = XCBuildConfiguration;
			buildSettings = {
				ALWAYS_SEARCH_USER_PATHS = NO;
				CLANG_CXX_LANGUAGE_STANDARD = "gnu++0x";
				CLANG_CXX_LIBRARY = "libc++";
				CLANG_ENABLE_MODULES = YES;
				CLANG_ENABLE_OBJC_ARC = YES;
				CLANG_WARN_BOOL_CONVERSION = YES;
				CLANG_WARN_CONSTANT_CONVERSION = YES;
				CLANG_WARN_DIRECT_OBJC_ISA_USAGE = YES_ERROR;
				CLANG_WARN_EMPTY_BODY = YES;
				CLANG_WARN_ENUM_CONVERSION = YES;
				CLANG_WARN_INT_CONVERSION = YES;
				CLANG_WARN_OBJC_ROOT_CLASS = YES_ERROR;
				CLANG_WARN_UNREACHABLE_CODE = YES;
				CLANG_WARN__DUPLICATE_METHOD_MATCH = YES;
				"CODE_SIGN_IDENTITY[sdk=iphoneos*]" = "iPhone Developer";
				COPY_PHASE_STRIP = NO;
				ENABLE_BITCODE = YES;
				ENABLE_NS_ASSERTIONS = NO;
				ENABLE_STRICT_OBJC_MSGSEND = YES;
				GCC_C_LANGUAGE_STANDARD = gnu99;
				GCC_WARN_64_TO_32_BIT_CONVERSION = YES;
				GCC_WARN_ABOUT_RETURN_TYPE = YES_ERROR;
				GCC_WARN_UNDECLARED_SELECTOR = YES;
				GCC_WARN_UNINITIALIZED_AUTOS = YES_AGGRESSIVE;
				GCC_WARN_UNUSED_FUNCTION = YES;
				GCC_WARN_UNUSED_VARIABLE = YES;
				IPHONEOS_DEPLOYMENT_TARGET = 9.2;
				MACOSX_DEPLOYMENT_TARGET = 10.11;
				MTL_ENABLE_DEBUG_INFO = NO;
				SDKROOT = iphoneos;
				SUPPORTED_PLATFORMS = "iphonesimulator iphoneos";
				VALIDATE_PRODUCT = YES;
				VALID_ARCHS = "arm64 armv7 armv7s i386";
			};
			name = Release;
		};
		146D72BA1AB782920058798C /* Debug */ = {
			isa = XCBuildConfiguration;
			baseConfigurationReference = 09F4EA38E5FFC41B40B023E5 /* Pods-Tailor-iOS-Tests.debug.xcconfig */;
			buildSettings = {
				CLANG_ENABLE_MODULES = YES;
				FRAMEWORK_SEARCH_PATHS = (
					"$(SDKROOT)/Developer/Library/Frameworks",
					"$(inherited)",
				);
				GCC_PREPROCESSOR_DEFINITIONS = (
					"DEBUG=1",
					"$(inherited)",
				);
				INFOPLIST_FILE = "$(SRCROOT)/Tests/iOS/Info.plist";
				LD_RUNPATH_SEARCH_PATHS = "$(inherited) @executable_path/Frameworks @loader_path/Frameworks";
				PRODUCT_BUNDLE_IDENTIFIER = "com.example.$(PRODUCT_NAME:rfc1034identifier)";
				PRODUCT_NAME = "$(TARGET_NAME)";
				SUPPORTED_PLATFORMS = "iphonesimulator iphoneos";
				SWIFT_OPTIMIZATION_LEVEL = "-Onone";
				VALID_ARCHS = "$(ARCHS_STANDARD)";
			};
			name = Debug;
		};
		146D72BB1AB782920058798C /* Release */ = {
			isa = XCBuildConfiguration;
			baseConfigurationReference = 0342EB8A98BFDC0929B43E67 /* Pods-Tailor-iOS-Tests.release.xcconfig */;
			buildSettings = {
				CLANG_ENABLE_MODULES = YES;
				FRAMEWORK_SEARCH_PATHS = (
					"$(SDKROOT)/Developer/Library/Frameworks",
					"$(inherited)",
				);
				INFOPLIST_FILE = "$(SRCROOT)/Tests/iOS/Info.plist";
				LD_RUNPATH_SEARCH_PATHS = "$(inherited) @executable_path/Frameworks @loader_path/Frameworks";
				PRODUCT_BUNDLE_IDENTIFIER = "com.example.$(PRODUCT_NAME:rfc1034identifier)";
				PRODUCT_NAME = "$(TARGET_NAME)";
				SUPPORTED_PLATFORMS = "iphonesimulator iphoneos";
				VALID_ARCHS = "$(ARCHS_STANDARD)";
			};
			name = Release;
		};
		BD8409701C3EF06300EB7C06 /* Debug */ = {
			isa = XCBuildConfiguration;
			baseConfigurationReference = 060B991253F244DC9527EE76 /* Pods-Tailor-iOS.debug.xcconfig */;
			buildSettings = {
				CURRENT_PROJECT_VERSION = 1;
				DEBUG_INFORMATION_FORMAT = dwarf;
				DEFINES_MODULE = YES;
				DYLIB_COMPATIBILITY_VERSION = 1;
				DYLIB_CURRENT_VERSION = 1;
				DYLIB_INSTALL_NAME_BASE = "@rpath";
				GCC_NO_COMMON_BLOCKS = YES;
				INFOPLIST_FILE = "$(SRCROOT)/Support Files/iOS/Info.plist";
				INSTALL_PATH = "$(LOCAL_LIBRARY_DIR)/Frameworks";
				IPHONEOS_DEPLOYMENT_TARGET = 9.2;
				LD_RUNPATH_SEARCH_PATHS = "$(inherited) @executable_path/Frameworks @loader_path/Frameworks";
				PRODUCT_BUNDLE_IDENTIFIER = "com.zenangst.Tailor-iOS";
				PRODUCT_NAME = Tailor;
				SKIP_INSTALL = YES;
				SUPPORTED_PLATFORMS = "iphonesimulator iphoneos";
				SWIFT_OPTIMIZATION_LEVEL = "-Onone";
				TARGETED_DEVICE_FAMILY = "1,2";
				VALID_ARCHS = "$(ARCHS_STANDARD)";
				VERSIONING_SYSTEM = "apple-generic";
				VERSION_INFO_PREFIX = "";
			};
			name = Debug;
		};
		BD8409711C3EF06300EB7C06 /* Release */ = {
			isa = XCBuildConfiguration;
			baseConfigurationReference = C08ACA7EA54A9ACEA3BCCC25 /* Pods-Tailor-iOS.release.xcconfig */;
			buildSettings = {
				CURRENT_PROJECT_VERSION = 1;
				DEBUG_INFORMATION_FORMAT = "dwarf-with-dsym";
				DEFINES_MODULE = YES;
				DYLIB_COMPATIBILITY_VERSION = 1;
				DYLIB_CURRENT_VERSION = 1;
				DYLIB_INSTALL_NAME_BASE = "@rpath";
				GCC_NO_COMMON_BLOCKS = YES;
				INFOPLIST_FILE = "$(SRCROOT)/Support Files/iOS/Info.plist";
				INSTALL_PATH = "$(LOCAL_LIBRARY_DIR)/Frameworks";
				IPHONEOS_DEPLOYMENT_TARGET = 9.2;
				LD_RUNPATH_SEARCH_PATHS = "$(inherited) @executable_path/Frameworks @loader_path/Frameworks";
				PRODUCT_BUNDLE_IDENTIFIER = "com.zenangst.Tailor-iOS";
				PRODUCT_NAME = Tailor;
				SKIP_INSTALL = YES;
				SUPPORTED_PLATFORMS = "iphonesimulator iphoneos";
				TARGETED_DEVICE_FAMILY = "1,2";
				VALID_ARCHS = "$(ARCHS_STANDARD)";
				VERSIONING_SYSTEM = "apple-generic";
				VERSION_INFO_PREFIX = "";
			};
			name = Release;
		};
		BD8409AD1C3EF1B800EB7C06 /* Debug */ = {
			isa = XCBuildConfiguration;
			baseConfigurationReference = 671221DFAE280620F8DDFA11 /* Pods-Tailor-Mac-Tests.debug.xcconfig */;
			buildSettings = {
				COMBINE_HIDPI_IMAGES = YES;
				DEBUG_INFORMATION_FORMAT = dwarf;
				ENABLE_BITCODE = NO;
				FRAMEWORK_SEARCH_PATHS = (
					"$(inherited)",
					"$(PROJECT_DIR)/build/Debug/Pods-Tailor-Mac",
				);
				GCC_NO_COMMON_BLOCKS = YES;
				INFOPLIST_FILE = "$(SRCROOT)/Tests/Mac/Info.plist";
				IPHONEOS_DEPLOYMENT_TARGET = 9.2;
				LD_RUNPATH_SEARCH_PATHS = "$(inherited) @executable_path/Frameworks @loader_path/Frameworks";
				PRODUCT_BUNDLE_IDENTIFIER = "com.zenangst.Tailor-Mac-Tests";
				PRODUCT_NAME = "$(TARGET_NAME)";
				SDKROOT = macosx;
				SUPPORTED_PLATFORMS = macosx;
				SWIFT_OPTIMIZATION_LEVEL = "-Onone";
				VALID_ARCHS = "$(ARCHS_STANDARD)";
			};
			name = Debug;
		};
		BD8409AE1C3EF1B800EB7C06 /* Release */ = {
			isa = XCBuildConfiguration;
			baseConfigurationReference = 5D51004FA6202312868C109F /* Pods-Tailor-Mac-Tests.release.xcconfig */;
			buildSettings = {
				COMBINE_HIDPI_IMAGES = YES;
				DEBUG_INFORMATION_FORMAT = "dwarf-with-dsym";
				ENABLE_BITCODE = NO;
				FRAMEWORK_SEARCH_PATHS = (
					"$(inherited)",
					"$(PROJECT_DIR)/build/Debug/Pods-Tailor-Mac",
				);
				GCC_NO_COMMON_BLOCKS = YES;
				INFOPLIST_FILE = "$(SRCROOT)/Tests/Mac/Info.plist";
				IPHONEOS_DEPLOYMENT_TARGET = 9.2;
				LD_RUNPATH_SEARCH_PATHS = "$(inherited) @executable_path/Frameworks @loader_path/Frameworks";
				PRODUCT_BUNDLE_IDENTIFIER = "com.zenangst.Tailor-Mac-Tests";
				PRODUCT_NAME = "$(TARGET_NAME)";
				SDKROOT = macosx;
				SUPPORTED_PLATFORMS = macosx;
				VALID_ARCHS = "$(ARCHS_STANDARD)";
			};
			name = Release;
		};
		BDFF1AC11C3F053E00D4B735 /* Debug */ = {
			isa = XCBuildConfiguration;
			baseConfigurationReference = 71554C7CBF8206BD968CE4B2 /* Pods-Tailor-Mac.debug.xcconfig */;
			buildSettings = {
				CODE_SIGN_IDENTITY = "-";
				COMBINE_HIDPI_IMAGES = YES;
				CURRENT_PROJECT_VERSION = 1;
				DEBUG_INFORMATION_FORMAT = dwarf;
				DEFINES_MODULE = YES;
				DYLIB_COMPATIBILITY_VERSION = 1;
				DYLIB_CURRENT_VERSION = 1;
				DYLIB_INSTALL_NAME_BASE = "@rpath";
				ENABLE_BITCODE = NO;
				FRAMEWORK_SEARCH_PATHS = (
					"$(inherited)",
					"$(PROJECT_DIR)/build/Debug/Pods-Tailor-Mac",
				);
				FRAMEWORK_VERSION = A;
				GCC_NO_COMMON_BLOCKS = YES;
				INFOPLIST_FILE = "$(SRCROOT)/Support Files/Mac/Info.plist";
				INSTALL_PATH = "$(LOCAL_LIBRARY_DIR)/Frameworks";
				LD_RUNPATH_SEARCH_PATHS = "$(inherited) @executable_path/../Frameworks @loader_path/Frameworks";
				PRODUCT_BUNDLE_IDENTIFIER = "com.zenangst.Tailor-Mac";
				PRODUCT_NAME = Tailor;
				SDKROOT = macosx;
				SKIP_INSTALL = YES;
				SUPPORTED_PLATFORMS = macosx;
				SWIFT_OPTIMIZATION_LEVEL = "-Onone";
				VALID_ARCHS = "$(ARCHS_STANDARD)";
				VERSIONING_SYSTEM = "apple-generic";
				VERSION_INFO_PREFIX = "";
			};
			name = Debug;
		};
		BDFF1AC21C3F053E00D4B735 /* Release */ = {
			isa = XCBuildConfiguration;
			baseConfigurationReference = 3F9C445A1ED3DD79A517DBE8 /* Pods-Tailor-Mac.release.xcconfig */;
			buildSettings = {
				CODE_SIGN_IDENTITY = "-";
				COMBINE_HIDPI_IMAGES = YES;
				CURRENT_PROJECT_VERSION = 1;
				DEBUG_INFORMATION_FORMAT = "dwarf-with-dsym";
				DEFINES_MODULE = YES;
				DYLIB_COMPATIBILITY_VERSION = 1;
				DYLIB_CURRENT_VERSION = 1;
				DYLIB_INSTALL_NAME_BASE = "@rpath";
				ENABLE_BITCODE = NO;
				FRAMEWORK_SEARCH_PATHS = (
					"$(inherited)",
					"$(PROJECT_DIR)/build/Debug/Pods-Tailor-Mac",
				);
				FRAMEWORK_VERSION = A;
				GCC_NO_COMMON_BLOCKS = YES;
				INFOPLIST_FILE = "$(SRCROOT)/Support Files/Mac/Info.plist";
				INSTALL_PATH = "$(LOCAL_LIBRARY_DIR)/Frameworks";
				LD_RUNPATH_SEARCH_PATHS = "$(inherited) @executable_path/../Frameworks @loader_path/Frameworks";
				PRODUCT_BUNDLE_IDENTIFIER = "com.zenangst.Tailor-Mac";
				PRODUCT_NAME = Tailor;
				SDKROOT = macosx;
				SKIP_INSTALL = YES;
				SUPPORTED_PLATFORMS = macosx;
				VALID_ARCHS = "$(ARCHS_STANDARD)";
				VERSIONING_SYSTEM = "apple-generic";
				VERSION_INFO_PREFIX = "";
			};
			name = Release;
		};
/* End XCBuildConfiguration section */

/* Begin XCConfigurationList section */
		146D728E1AB782920058798C /* Build configuration list for PBXProject "Tailor" */ = {
			isa = XCConfigurationList;
			buildConfigurations = (
				146D72B41AB782920058798C /* Debug */,
				146D72B51AB782920058798C /* Release */,
			);
			defaultConfigurationIsVisible = 0;
			defaultConfigurationName = Release;
		};
		146D72B91AB782920058798C /* Build configuration list for PBXNativeTarget "Tailor-iOS-Tests" */ = {
			isa = XCConfigurationList;
			buildConfigurations = (
				146D72BA1AB782920058798C /* Debug */,
				146D72BB1AB782920058798C /* Release */,
			);
			defaultConfigurationIsVisible = 0;
			defaultConfigurationName = Release;
		};
		BD84096F1C3EF06300EB7C06 /* Build configuration list for PBXNativeTarget "Tailor-iOS" */ = {
			isa = XCConfigurationList;
			buildConfigurations = (
				BD8409701C3EF06300EB7C06 /* Debug */,
				BD8409711C3EF06300EB7C06 /* Release */,
			);
			defaultConfigurationIsVisible = 0;
			defaultConfigurationName = Release;
		};
		BD8409AC1C3EF1B800EB7C06 /* Build configuration list for PBXNativeTarget "Tailor-Mac-Tests" */ = {
			isa = XCConfigurationList;
			buildConfigurations = (
				BD8409AD1C3EF1B800EB7C06 /* Debug */,
				BD8409AE1C3EF1B800EB7C06 /* Release */,
			);
			defaultConfigurationIsVisible = 0;
			defaultConfigurationName = Release;
		};
		BDFF1AC01C3F053E00D4B735 /* Build configuration list for PBXNativeTarget "Tailor-Mac" */ = {
			isa = XCConfigurationList;
			buildConfigurations = (
				BDFF1AC11C3F053E00D4B735 /* Debug */,
				BDFF1AC21C3F053E00D4B735 /* Release */,
			);
			defaultConfigurationIsVisible = 0;
			defaultConfigurationName = Release;
		};
/* End XCConfigurationList section */
	};
	rootObject = 146D728B1AB782920058798C /* Project object */;
}
